
Microsoft Visual Studio Solution File, Format Version 12.00
# Visual Studio 14
VisualStudioVersion = 14.0.25420.1
MinimumVisualStudioVersion = 10.0.40219.1
Project("{FAE04EC0-301F-11D3-BF4B-00C04F79EFBC}") = "SquaresDemo", "SquaresDemo\SquaresDemo.csproj", "{F18E3D19-65FC-44A3-8659-7A78930B6A0B}"
EndProject
Project("{FAE04EC0-301F-11D3-BF4B-00C04F79EFBC}") = "SquaresDemo.Tests", "SquaresDemo.Tests\SquaresDemo.Tests.csproj", "{877125A4-F41A-40CA-903E-B662C2B84C5B}"
EndProject
Project("{2150E333-8FDC-42A3-9474-1A3956D46DE8}") = "Solution Items", "Solution Items", "{3CB7A2EE-2976-4D80-A8F0-B6F7183A2E3A}"
	ProjectSection(SolutionItems) = preProject
		Trumpa_atmintine.txt = Trumpa_atmintine.txt
	EndProjectSection
EndProject
Global
	GlobalSection(SolutionConfigurationPlatforms) = preSolution
		Debug|Any CPU = Debug|Any CPU
		Release|Any CPU = Release|Any CPU
	EndGlobalSection
	GlobalSection(ProjectConfigurationPlatforms) = postSolution
		{F18E3D19-65FC-44A3-8659-7A78930B6A0B}.Debug|Any CPU.ActiveCfg = Debug|Any CPU
		{F18E3D19-65FC-44A3-8659-7A78930B6A0B}.Debug|Any CPU.Build.0 = Debug|Any CPU
		{F18E3D19-65FC-44A3-8659-7A78930B6A0B}.Release|Any CPU.ActiveCfg = Release|Any CPU
		{F18E3D19-65FC-44A3-8659-7A78930B6A0B}.Release|Any CPU.Build.0 = Release|Any CPU
		{877125A4-F41A-40CA-903E-B662C2B84C5B}.Debug|Any CPU.ActiveCfg = Debug|Any CPU
		{877125A4-F41A-40CA-903E-B662C2B84C5B}.Debug|Any CPU.Build.0 = Debug|Any CPU
		{877125A4-F41A-40CA-903E-B662C2B84C5B}.Release|Any CPU.ActiveCfg = Release|Any CPU
		{877125A4-F41A-40CA-903E-B662C2B84C5B}.Release|Any CPU.Build.0 = Release|Any CPU
	EndGlobalSection
	GlobalSection(SolutionProperties) = preSolution
		HideSolutionNode = FALSE
	EndGlobalSection
EndGlobal
